
Microsoft Visual Studio Solution File, Format Version 12.00
# Visual Studio 2015
Project("{FAE04EC0-301F-11D3-BF4B-00C04F79EFBC}") = "U5ABTest.CSharp", "U5ABTest.CSharp.csproj", "{1DDAE0CE-67F0-D421-720C-90DBAA0959BC}"
EndProject
Project("{FAE04EC0-301F-11D3-BF4B-00C04F79EFBC}") = "U5ABTest.CSharp.Editor", "U5ABTest.CSharp.Editor.csproj", "{3F51D237-791D-ACDF-603B-FB1D16C8783B}"
EndProject
Global
	GlobalSection(SolutionConfigurationPlatforms) = preSolution
		Debug|Any CPU = Debug|Any CPU
		Release|Any CPU = Release|Any CPU
	EndGlobalSection
	GlobalSection(ProjectConfigurationPlatforms) = postSolution
		{1DDAE0CE-67F0-D421-720C-90DBAA0959BC}.Debug|Any CPU.ActiveCfg = Debug|Any CPU
		{1DDAE0CE-67F0-D421-720C-90DBAA0959BC}.Debug|Any CPU.Build.0 = Debug|Any CPU
		{1DDAE0CE-67F0-D421-720C-90DBAA0959BC}.Release|Any CPU.ActiveCfg = Release|Any CPU
		{1DDAE0CE-67F0-D421-720C-90DBAA0959BC}.Release|Any CPU.Build.0 = Release|Any CPU
		{3F51D237-791D-ACDF-603B-FB1D16C8783B}.Debug|Any CPU.ActiveCfg = Debug|Any CPU
		{3F51D237-791D-ACDF-603B-FB1D16C8783B}.Debug|Any CPU.Build.0 = Debug|Any CPU
		{3F51D237-791D-ACDF-603B-FB1D16C8783B}.Release|Any CPU.ActiveCfg = Release|Any CPU
		{3F51D237-791D-ACDF-603B-FB1D16C8783B}.Release|Any CPU.Build.0 = Release|Any CPU
	EndGlobalSection
	GlobalSection(SolutionProperties) = preSolution
		HideSolutionNode = FALSE
	EndGlobalSection
EndGlobal
